{
  "name": "mern-project",
  "version": "1.0.0",
  "lockfileVersion": 3,
  "requires": true,
  "packages": {
    "": {
      "name": "mern-project",
      "version": "1.0.0",
      "license": "ISC",
      "dependencies": {
        "bcryptjs": "^2.4.3",
        "colors": "^1.4.0",
        "dotenv": "^16.3.1",
        "express-async-handler": "^1.2.0",
        "render": "^0.1.4",
        "screen": "^0.2.10"
      }
    },
    "node_modules/bcryptjs": {
      "version": "2.4.3",
      "resolved": "https://registry.npmjs.org/bcryptjs/-/bcryptjs-2.4.3.tgz",
      "integrity": "sha512-V/Hy/X9Vt7f3BbPJEi8BdVFMByHi+jNXrYkW3huaybV/kQ0KJg0Y6PkEMbn+zeT+i+SiKZ/HMqJGIIt4LZDqNQ=="
    },
    "node_modules/colors": {
      "version": "1.4.0",
      "resolved": "https://registry.npmjs.org/colors/-/colors-1.4.0.tgz",
      "integrity": "sha512-a+UqTh4kgZg/SlGvfbzDHpgRu7AAQOmmqRHJnxhRZICKFUT91brVhNNt58CMWU9PsBbv3PDCZUHbVxuDiH2mtA==",
      "engines": {
        "node": ">=0.1.90"
      }
    },
    "node_modules/curry": {
      "version": "0.0.4",
      "resolved": "https://registry.npmjs.org/curry/-/curry-0.0.4.tgz",
      "integrity": "sha512-IPapCjuLQfb9u7HEU+l7XX10CmK5ojdvjt+0sNrZmSvSU31OZxPV78cmDj1Zm+ZX/tEh7jeYdaD4v89iJDOD0g==",
      "engines": {
        "node": "*"
      }
    },
    "node_modules/dotenv": {
      "version": "16.3.1",
      "resolved": "https://registry.npmjs.org/dotenv/-/dotenv-16.3.1.tgz",
      "integrity": "sha512-IPzF4w4/Rd94bA9imS68tZBaYyBWSCE47V1RGuMrB94iyTOIEwRmVL2x/4An+6mETpLrKJ5hQkB8W4kFAadeIQ==",
      "engines": {
        "node": ">=12"
      },
      "funding": {
        "url": "https://github.com/motdotla/dotenv?sponsor=1"
      }
    },
    "node_modules/express-async-handler": {
      "version": "1.2.0",
      "resolved": "https://registry.npmjs.org/express-async-handler/-/express-async-handler-1.2.0.tgz",
      "integrity": "sha512-rCSVtPXRmQSW8rmik/AIb2P0op6l7r1fMW538yyvTMltCO4xQEWMmobfrIxN2V1/mVrgxB8Az3reYF6yUZw37w=="
    },
    "node_modules/render": {
      "version": "0.1.4",
      "resolved": "https://registry.npmjs.org/render/-/render-0.1.4.tgz",
      "integrity": "sha512-mTNCTWXyulJhMFcsCZGwMjE3GjH40eE4r23Or7Sw4XnEBHO8gS5ZBHgxDGjFF1v0pe9GXx+c+8njbpry+11e3A==",
      "dependencies": {
        "traverser": "0.0.x"
      }
    },
    "node_modules/screen": {
      "version": "0.2.10",
      "resolved": "https://registry.npmjs.org/screen/-/screen-0.2.10.tgz",
      "integrity": "sha512-T6viduhAMpKFJgnsCmdde25n1QRao5mpRqJ4MyKHD3Y2f1sLP4XVzJJfYeyxsOFcTieVcaB6B61KwS65OVMN/g==",
      "dependencies": {
        "xtend": "~1.0.3"
      }
    },
    "node_modules/traverser": {
      "version": "0.0.5",
      "resolved": "https://registry.npmjs.org/traverser/-/traverser-0.0.5.tgz",
      "integrity": "sha512-8wq1H/gNr1PwGhmflklBTvZlY3aOgUmurSYD8PueKn1Btq01REtupQ8nY7VpcG4v2YPKBODxYKIdTt36W+Scwg==",
      "dependencies": {
        "curry": "0.0.x"
      },
      "engines": {
        "node": "*"
      }
    },
    "node_modules/xtend": {
      "version": "1.0.3",
      "resolved": "https://registry.npmjs.org/xtend/-/xtend-1.0.3.tgz",
      "integrity": "sha512-wv78b3q8kHDveC/C7Yq/UUrJXsAAM1t/j5m28h/ZlqYy0+eqByglhsWR88D2j3VImQzZlNIDsSbZ3QItwgWEGw==",
      "engines": {
        "node": ">=0.4"
      }
    }
  }
}
